
Microsoft Visual Studio Solution File, Format Version 12.00
# Visual Studio 15
VisualStudioVersion = 15.0.26730.16
MinimumVisualStudioVersion = 10.0.40219.1
Project("{FAE04EC0-301F-11D3-BF4B-00C04F79EFBC}") = "Program 2", "Program 2\Program 2.csproj", "{B576388A-D678-4BCD-BF9E-ACB581C1335F}"
EndProject
Global
	GlobalSection(SolutionConfigurationPlatforms) = preSolution
		Debug|Any CPU = Debug|Any CPU
		Release|Any CPU = Release|Any CPU
	EndGlobalSection
	GlobalSection(ProjectConfigurationPlatforms) = postSolution
		{B576388A-D678-4BCD-BF9E-ACB581C1335F}.Debug|Any CPU.ActiveCfg = Debug|Any CPU
		{B576388A-D678-4BCD-BF9E-ACB581C1335F}.Debug|Any CPU.Build.0 = Debug|Any CPU
		{B576388A-D678-4BCD-BF9E-ACB581C1335F}.Release|Any CPU.ActiveCfg = Release|Any CPU
		{B576388A-D678-4BCD-BF9E-ACB581C1335F}.Release|Any CPU.Build.0 = Release|Any CPU
	EndGlobalSection
	GlobalSection(SolutionProperties) = preSolution
		HideSolutionNode = FALSE
	EndGlobalSection
	GlobalSection(ExtensibilityGlobals) = postSolution
		SolutionGuid = {B819A287-3DA0-453B-9CD1-D69D6334F074}
	EndGlobalSection
EndGlobal
